// !$*UTF8*$!
{
	archiveVersion = 1;
	classes = {
	};
	objectVersion = 55;
	objects = {

/* Begin PBXBuildFile section */
		4C3422A92837D912005886A9 /* AppDelegate.swift in Sources */ = {isa = PBXBuildFile; fileRef = 4C3422A82837D912005886A9 /* AppDelegate.swift */; };
		4C3422AB2837D912005886A9 /* SceneDelegate.swift in Sources */ = {isa = PBXBuildFile; fileRef = 4C3422AA2837D912005886A9 /* SceneDelegate.swift */; };
		4C3422AD2837D912005886A9 /* CurrrentRideViewController.swift in Sources */ = {isa = PBXBuildFile; fileRef = 4C3422AC2837D912005886A9 /* CurrrentRideViewController.swift */; };
		4C3422B02837D912005886A9 /* Main.storyboard in Resources */ = {isa = PBXBuildFile; fileRef = 4C3422AE2837D912005886A9 /* Main.storyboard */; };
		4C3422B22837D916005886A9 /* Assets.xcassets in Resources */ = {isa = PBXBuildFile; fileRef = 4C3422B12837D916005886A9 /* Assets.xcassets */; };
		4C3422B52837D916005886A9 /* LaunchScreen.storyboard in Resources */ = {isa = PBXBuildFile; fileRef = 4C3422B32837D916005886A9 /* LaunchScreen.storyboard */; };
		4C4A873B28383A070011A48B /* MapViewController.swift in Sources */ = {isa = PBXBuildFile; fileRef = 4C4A873A28383A070011A48B /* MapViewController.swift */; };
		4C4A873D28383A2A0011A48B /* TypesTableViewController.swift in Sources */ = {isa = PBXBuildFile; fileRef = 4C4A873C28383A290011A48B /* TypesTableViewController.swift */; };
		4C4A874428383A620011A48B /* GoogleDataProvider.swift in Sources */ = {isa = PBXBuildFile; fileRef = 4C4A873F28383A620011A48B /* GoogleDataProvider.swift */; };
		4C4A874528383A620011A48B /* CLLocationCoordinate+Extensions.swift in Sources */ = {isa = PBXBuildFile; fileRef = 4C4A874028383A620011A48B /* CLLocationCoordinate+Extensions.swift */; };
		4C4A874628383A620011A48B /* PlaceMarker.swift in Sources */ = {isa = PBXBuildFile; fileRef = 4C4A874128383A620011A48B /* PlaceMarker.swift */; };
		4C4A874728383A620011A48B /* Metadata.swift in Sources */ = {isa = PBXBuildFile; fileRef = 4C4A874228383A620011A48B /* Metadata.swift */; };
		4C4A874828383A620011A48B /* GooglePlace.swift in Sources */ = {isa = PBXBuildFile; fileRef = 4C4A874328383A620011A48B /* GooglePlace.swift */; };
		4C4A874B28383A9F0011A48B /* MarkerInfoView.swift in Sources */ = {isa = PBXBuildFile; fileRef = 4C4A874A28383A9F0011A48B /* MarkerInfoView.swift */; };
		4C4A874D28383B0F0011A48B /* MarkerInfoView.xib in Resources */ = {isa = PBXBuildFile; fileRef = 4C4A874C28383B0F0011A48B /* MarkerInfoView.xib */; };
		4C4A874F28383B400011A48B /* UIView+Extensions.swift in Sources */ = {isa = PBXBuildFile; fileRef = 4C4A874E28383B400011A48B /* UIView+Extensions.swift */; };
		4C4A87512838434A0011A48B /* MyProgressViewController.swift in Sources */ = {isa = PBXBuildFile; fileRef = 4C4A87502838434A0011A48B /* MyProgressViewController.swift */; };
		4C4A8755283844310011A48B /* MyProgressCell.swift in Sources */ = {isa = PBXBuildFile; fileRef = 4C4A8753283844310011A48B /* MyProgressCell.swift */; };
		4C4A8756283844310011A48B /* MyProgressCell.xib in Resources */ = {isa = PBXBuildFile; fileRef = 4C4A8754283844310011A48B /* MyProgressCell.xib */; };
		DC0FD31C7A1F135CD4C646DF /* Pods_Tekton_GoogleMaps.framework in Frameworks */ = {isa = PBXBuildFile; fileRef = F63B30BAA439BAC5D20CE816 /* Pods_Tekton_GoogleMaps.framework */; };
/* End PBXBuildFile section */

/* Begin PBXFileReference section */
		4C3422A52837D912005886A9 /* Tekton_GoogleMaps.app */ = {isa = PBXFileReference; explicitFileType = wrapper.application; includeInIndex = 0; path = Tekton_GoogleMaps.app; sourceTree = BUILT_PRODUCTS_DIR; };
		4C3422A82837D912005886A9 /* AppDelegate.swift */ = {isa = PBXFileReference; lastKnownFileType = sourcecode.swift; path = AppDelegate.swift; sourceTree = "<group>"; };
		4C3422AA2837D912005886A9 /* SceneDelegate.swift */ = {isa = PBXFileReference; lastKnownFileType = sourcecode.swift; path = SceneDelegate.swift; sourceTree = "<group>"; };
		4C3422AC2837D912005886A9 /* CurrrentRideViewController.swift */ = {isa = PBXFileReference; lastKnownFileType = sourcecode.swift; path = CurrrentRideViewController.swift; sourceTree = "<group>"; };
		4C3422AF2837D912005886A9 /* Base */ = {isa = PBXFileReference; lastKnownFileType = file.storyboard; name = Base; path = Base.lproj/Main.storyboard; sourceTree = "<group>"; };
		4C3422B12837D916005886A9 /* Assets.xcassets */ = {isa = PBXFileReference; lastKnownFileType = folder.assetcatalog; path = Assets.xcassets; sourceTree = "<group>"; };
		4C3422B42837D916005886A9 /* Base */ = {isa = PBXFileReference; lastKnownFileType = file.storyboard; name = Base; path = Base.lproj/LaunchScreen.storyboard; sourceTree = "<group>"; };
		4C3422B62837D916005886A9 /* Info.plist */ = {isa = PBXFileReference; lastKnownFileType = text.plist.xml; path = Info.plist; sourceTree = "<group>"; };
		4C4A873A28383A070011A48B /* MapViewController.swift */ = {isa = PBXFileReference; lastKnownFileType = sourcecode.swift; path = MapViewController.swift; sourceTree = "<group>"; };
		4C4A873C28383A290011A48B /* TypesTableViewController.swift */ = {isa = PBXFileReference; lastKnownFileType = sourcecode.swift; path = TypesTableViewController.swift; sourceTree = "<group>"; };
		4C4A873F28383A620011A48B /* GoogleDataProvider.swift */ = {isa = PBXFileReference; fileEncoding = 4; lastKnownFileType = sourcecode.swift; path = GoogleDataProvider.swift; sourceTree = "<group>"; };
		4C4A874028383A620011A48B /* CLLocationCoordinate+Extensions.swift */ = {isa = PBXFileReference; fileEncoding = 4; lastKnownFileType = sourcecode.swift; path = "CLLocationCoordinate+Extensions.swift"; sourceTree = "<group>"; };
		4C4A874128383A620011A48B /* PlaceMarker.swift */ = {isa = PBXFileReference; fileEncoding = 4; lastKnownFileType = sourcecode.swift; path = PlaceMarker.swift; sourceTree = "<group>"; };
		4C4A874228383A620011A48B /* Metadata.swift */ = {isa = PBXFileReference; fileEncoding = 4; lastKnownFileType = sourcecode.swift; path = Metadata.swift; sourceTree = "<group>"; };
		4C4A874328383A620011A48B /* GooglePlace.swift */ = {isa = PBXFileReference; fileEncoding = 4; lastKnownFileType = sourcecode.swift; path = GooglePlace.swift; sourceTree = "<group>"; };
		4C4A874A28383A9F0011A48B /* MarkerInfoView.swift */ = {isa = PBXFileReference; lastKnownFileType = sourcecode.swift; path = MarkerInfoView.swift; sourceTree = "<group>"; };
		4C4A874C28383B0F0011A48B /* MarkerInfoView.xib */ = {isa = PBXFileReference; lastKnownFileType = file.xib; path = MarkerInfoView.xib; sourceTree = "<group>"; };
		4C4A874E28383B400011A48B /* UIView+Extensions.swift */ = {isa = PBXFileReference; lastKnownFileType = sourcecode.swift; path = "UIView+Extensions.swift"; sourceTree = "<group>"; };
		4C4A87502838434A0011A48B /* MyProgressViewController.swift */ = {isa = PBXFileReference; lastKnownFileType = sourcecode.swift; path = MyProgressViewController.swift; sourceTree = "<group>"; };
		4C4A8753283844310011A48B /* MyProgressCell.swift */ = {isa = PBXFileReference; lastKnownFileType = sourcecode.swift; path = MyProgressCell.swift; sourceTree = "<group>"; };
		4C4A8754283844310011A48B /* MyProgressCell.xib */ = {isa = PBXFileReference; lastKnownFileType = file.xib; path = MyProgressCell.xib; sourceTree = "<group>"; };
		539B0E50DD1861359BA9C40B /* Pods-Tekton_GoogleMaps.debug.xcconfig */ = {isa = PBXFileReference; includeInIndex = 1; lastKnownFileType = text.xcconfig; name = "Pods-Tekton_GoogleMaps.debug.xcconfig"; path = "Target Support Files/Pods-Tekton_GoogleMaps/Pods-Tekton_GoogleMaps.debug.xcconfig"; sourceTree = "<group>"; };
		E61313BAE4BEE59785841D9F /* Pods-Tekton_GoogleMaps.release.xcconfig */ = {isa = PBXFileReference; includeInIndex = 1; lastKnownFileType = text.xcconfig; name = "Pods-Tekton_GoogleMaps.release.xcconfig"; path = "Target Support Files/Pods-Tekton_GoogleMaps/Pods-Tekton_GoogleMaps.release.xcconfig"; sourceTree = "<group>"; };
		F63B30BAA439BAC5D20CE816 /* Pods_Tekton_GoogleMaps.framework */ = {isa = PBXFileReference; explicitFileType = wrapper.framework; includeInIndex = 0; path = Pods_Tekton_GoogleMaps.framework; sourceTree = BUILT_PRODUCTS_DIR; };
/* End PBXFileReference section */

/* Begin PBXFrameworksBuildPhase section */
		4C3422A22837D912005886A9 /* Frameworks */ = {
			isa = PBXFrameworksBuildPhase;
			buildActionMask = 2147483647;
			files = (
				DC0FD31C7A1F135CD4C646DF /* Pods_Tekton_GoogleMaps.framework in Frameworks */,
			);
			runOnlyForDeploymentPostprocessing = 0;
		};
/* End PBXFrameworksBuildPhase section */

/* Begin PBXGroup section */
		4C34229C2837D912005886A9 = {
			isa = PBXGroup;
			children = (
				4C3422A72837D912005886A9 /* Tekton_GoogleMaps */,
				4C3422A62837D912005886A9 /* Products */,
				969783759FD0A9C0BEABD1D0 /* Pods */,
				98A690BCC730F3E81FC0D1A8 /* Frameworks */,
			);
			sourceTree = "<group>";
		};
		4C3422A62837D912005886A9 /* Products */ = {
			isa = PBXGroup;
			children = (
				4C3422A52837D912005886A9 /* Tekton_GoogleMaps.app */,
			);
			name = Products;
			sourceTree = "<group>";
		};
		4C3422A72837D912005886A9 /* Tekton_GoogleMaps */ = {
			isa = PBXGroup;
			children = (
				4C3422A82837D912005886A9 /* AppDelegate.swift */,
				4C3422AA2837D912005886A9 /* SceneDelegate.swift */,
				4C4A874928383A820011A48B /* Views */,
				4C4A8739283839E90011A48B /* Controllers */,
				4C4A873E28383A3C0011A48B /* Model */,
				4C3422AC2837D912005886A9 /* CurrrentRideViewController.swift */,
				4C3422AE2837D912005886A9 /* Main.storyboard */,
				4C3422B32837D916005886A9 /* LaunchScreen.storyboard */,
				4C3422B12837D916005886A9 /* Assets.xcassets */,
				4C3422B62837D916005886A9 /* Info.plist */,
				4C4A874E28383B400011A48B /* UIView+Extensions.swift */,
			);
			path = Tekton_GoogleMaps;
			sourceTree = "<group>";
		};
		4C4A8739283839E90011A48B /* Controllers */ = {
			isa = PBXGroup;
			children = (
				4C4A8752283844170011A48B /* MyProgressCell */,
				4C4A873A28383A070011A48B /* MapViewController.swift */,
				4C4A873C28383A290011A48B /* TypesTableViewController.swift */,
				4C4A87502838434A0011A48B /* MyProgressViewController.swift */,
			);
			path = Controllers;
			sourceTree = "<group>";
		};
		4C4A873E28383A3C0011A48B /* Model */ = {
			isa = PBXGroup;
			children = (
				4C4A874028383A620011A48B /* CLLocationCoordinate+Extensions.swift */,
				4C4A873F28383A620011A48B /* GoogleDataProvider.swift */,
				4C4A874328383A620011A48B /* GooglePlace.swift */,
				4C4A874228383A620011A48B /* Metadata.swift */,
				4C4A874128383A620011A48B /* PlaceMarker.swift */,
			);
			path = Model;
			sourceTree = "<group>";
		};
		4C4A874928383A820011A48B /* Views */ = {
			isa = PBXGroup;
			children = (
				4C4A874A28383A9F0011A48B /* MarkerInfoView.swift */,
				4C4A874C28383B0F0011A48B /* MarkerInfoView.xib */,
			);
			path = Views;
			sourceTree = "<group>";
		};
		4C4A8752283844170011A48B /* MyProgressCell */ = {
			isa = PBXGroup;
			children = (
				4C4A8753283844310011A48B /* MyProgressCell.swift */,
				4C4A8754283844310011A48B /* MyProgressCell.xib */,
			);
			path = MyProgressCell;
			sourceTree = "<group>";
		};
		969783759FD0A9C0BEABD1D0 /* Pods */ = {
			isa = PBXGroup;
			children = (
				539B0E50DD1861359BA9C40B /* Pods-Tekton_GoogleMaps.debug.xcconfig */,
				E61313BAE4BEE59785841D9F /* Pods-Tekton_GoogleMaps.release.xcconfig */,
			);
			path = Pods;
			sourceTree = "<group>";
		};
		98A690BCC730F3E81FC0D1A8 /* Frameworks */ = {
			isa = PBXGroup;
			children = (
				F63B30BAA439BAC5D20CE816 /* Pods_Tekton_GoogleMaps.framework */,
			);
			name = Frameworks;
			sourceTree = "<group>";
		};
/* End PBXGroup section */

/* Begin PBXNativeTarget section */
		4C3422A42837D912005886A9 /* Tekton_GoogleMaps */ = {
			isa = PBXNativeTarget;
			buildConfigurationList = 4C3422B92837D916005886A9 /* Build configuration list for PBXNativeTarget "Tekton_GoogleMaps" */;
			buildPhases = (
				8187D3F9287D333E8138FCB5 /* [CP] Check Pods Manifest.lock */,
				4C3422A12837D912005886A9 /* Sources */,
				4C3422A22837D912005886A9 /* Frameworks */,
				4C3422A32837D912005886A9 /* Resources */,
				5E89097E35752405697F3719 /* [CP] Copy Pods Resources */,
			);
			buildRules = (
			);
			dependencies = (
			);
			name = Tekton_GoogleMaps;
			productName = Tekton_GoogleMaps;
			productReference = 4C3422A52837D912005886A9 /* Tekton_GoogleMaps.app */;
			productType = "com.apple.product-type.application";
		};
/* End PBXNativeTarget section */

/* Begin PBXProject section */
		4C34229D2837D912005886A9 /* Project object */ = {
			isa = PBXProject;
			attributes = {
				BuildIndependentTargetsInParallel = 1;
				LastSwiftUpdateCheck = 1340;
				LastUpgradeCheck = 1340;
				TargetAttributes = {
					4C3422A42837D912005886A9 = {
						CreatedOnToolsVersion = 13.4;
					};
				};
			};
			buildConfigurationList = 4C3422A02837D912005886A9 /* Build configuration list for PBXProject "Tekton_GoogleMaps" */;
			compatibilityVersion = "Xcode 13.0";
			developmentRegion = en;
			hasScannedForEncodings = 0;
			knownRegions = (
				en,
				Base,
			);
			mainGroup = 4C34229C2837D912005886A9;
			productRefGroup = 4C3422A62837D912005886A9 /* Products */;
			projectDirPath = "";
			projectRoot = "";
			targets = (
				4C3422A42837D912005886A9 /* Tekton_GoogleMaps */,
			);
		};
/* End PBXProject section */

/* Begin PBXResourcesBuildPhase section */
		4C3422A32837D912005886A9 /* Resources */ = {
			isa = PBXResourcesBuildPhase;
			buildActionMask = 2147483647;
			files = (
				4C4A874D28383B0F0011A48B /* MarkerInfoView.xib in Resources */,
				4C3422B52837D916005886A9 /* LaunchScreen.storyboard in Resources */,
				4C3422B22837D916005886A9 /* Assets.xcassets in Resources */,
				4C3422B02837D912005886A9 /* Main.storyboard in Resources */,
				4C4A8756283844310011A48B /* MyProgressCell.xib in Resources */,
			);
			runOnlyForDeploymentPostprocessing = 0;
		};
/* End PBXResourcesBuildPhase section */

/* Begin PBXShellScriptBuildPhase section */
		5E89097E35752405697F3719 /* [CP] Copy Pods Resources */ = {
			isa = PBXShellScriptBuildPhase;
			buildActionMask = 2147483647;
			files = (
			);
			inputFileListPaths = (
				"${PODS_ROOT}/Target Support Files/Pods-Tekton_GoogleMaps/Pods-Tekton_GoogleMaps-resources-${CONFIGURATION}-input-files.xcfilelist",
			);
			name = "[CP] Copy Pods Resources";
			outputFileListPaths = (
				"${PODS_ROOT}/Target Support Files/Pods-Tekton_GoogleMaps/Pods-Tekton_GoogleMaps-resources-${CONFIGURATION}-output-files.xcfilelist",
			);
			runOnlyForDeploymentPostprocessing = 0;
			shellPath = /bin/sh;
			shellScript = "\"${PODS_ROOT}/Target Support Files/Pods-Tekton_GoogleMaps/Pods-Tekton_GoogleMaps-resources.sh\"\n";
			showEnvVarsInLog = 0;
		};
		8187D3F9287D333E8138FCB5 /* [CP] Check Pods Manifest.lock */ = {
			isa = PBXShellScriptBuildPhase;
			buildActionMask = 2147483647;
			files = (
			);
			inputFileListPaths = (
			);
			inputPaths = (
				"${PODS_PODFILE_DIR_PATH}/Podfile.lock",
				"${PODS_ROOT}/Manifest.lock",
			);
			name = "[CP] Check Pods Manifest.lock";
			outputFileListPaths = (
			);
			outputPaths = (
				"$(DERIVED_FILE_DIR)/Pods-Tekton_GoogleMaps-checkManifestLockResult.txt",
			);
			runOnlyForDeploymentPostprocessing = 0;
			shellPath = /bin/sh;
			shellScript = "diff \"${PODS_PODFILE_DIR_PATH}/Podfile.lock\" \"${PODS_ROOT}/Manifest.lock\" > /dev/null\nif [ $? != 0 ] ; then\n    # print error to STDERR\n    echo \"error: The sandbox is not in sync with the Podfile.lock. Run 'pod install' or update your CocoaPods installation.\" >&2\n    exit 1\nfi\n# This output is used by Xcode 'outputs' to avoid re-running this script phase.\necho \"SUCCESS\" > \"${SCRIPT_OUTPUT_FILE_0}\"\n";
			showEnvVarsInLog = 0;
		};
/* End PBXShellScriptBuildPhase section */

/* Begin PBXSourcesBuildPhase section */
		4C3422A12837D912005886A9 /* Sources */ = {
			isa = PBXSourcesBuildPhase;
			buildActionMask = 2147483647;
			files = (
				4C3422AD2837D912005886A9 /* CurrrentRideViewController.swift in Sources */,
				4C4A874428383A620011A48B /* GoogleDataProvider.swift in Sources */,
				4C4A874828383A620011A48B /* GooglePlace.swift in Sources */,
				4C4A874528383A620011A48B /* CLLocationCoordinate+Extensions.swift in Sources */,
				4C4A874628383A620011A48B /* PlaceMarker.swift in Sources */,
				4C4A873D28383A2A0011A48B /* TypesTableViewController.swift in Sources */,
				4C4A874F28383B400011A48B /* UIView+Extensions.swift in Sources */,
				4C3422A92837D912005886A9 /* AppDelegate.swift in Sources */,
				4C4A87512838434A0011A48B /* MyProgressViewController.swift in Sources */,
				4C3422AB2837D912005886A9 /* SceneDelegate.swift in Sources */,
				4C4A8755283844310011A48B /* MyProgressCell.swift in Sources */,
				4C4A874B28383A9F0011A48B /* MarkerInfoView.swift in Sources */,
				4C4A874728383A620011A48B /* Metadata.swift in Sources */,
				4C4A873B28383A070011A48B /* MapViewController.swift in Sources */,
			);
			runOnlyForDeploymentPostprocessing = 0;
		};
/* End PBXSourcesBuildPhase section */

/* Begin PBXVariantGroup section */
		4C3422AE2837D912005886A9 /* Main.storyboard */ = {
			isa = PBXVariantGroup;
			children = (
				4C3422AF2837D912005886A9 /* Base */,
			);
			name = Main.storyboard;
			sourceTree = "<group>";
		};
		4C3422B32837D916005886A9 /* LaunchScreen.storyboard */ = {
			isa = PBXVariantGroup;
			children = (
				4C3422B42837D916005886A9 /* Base */,
			);
			name = LaunchScreen.storyboard;
			sourceTree = "<group>";
		};
/* End PBXVariantGroup section */

/* Begin XCBuildConfiguration section */
		4C3422B72837D916005886A9 /* Debug */ = {
			isa = XCBuildConfiguration;
			buildSettings = {
				ALWAYS_SEARCH_USER_PATHS = NO;
				CLANG_ANALYZER_NONNULL = YES;
				CLANG_ANALYZER_NUMBER_OBJECT_CONVERSION = YES_AGGRESSIVE;
				CLANG_CXX_LANGUAGE_STANDARD = "gnu++17";
				CLANG_ENABLE_MODULES = YES;
				CLANG_ENABLE_OBJC_ARC = YES;
				CLANG_ENABLE_OBJC_WEAK = YES;
				CLANG_WARN_BLOCK_CAPTURE_AUTORELEASING = YES;
				CLANG_WARN_BOOL_CONVERSION = YES;
				CLANG_WARN_COMMA = YES;
				CLANG_WARN_CONSTANT_CONVERSION = YES;
				CLANG_WARN_DEPRECATED_OBJC_IMPLEMENTATIONS = YES;
				CLANG_WARN_DIRECT_OBJC_ISA_USAGE = YES_ERROR;
				CLANG_WARN_DOCUMENTATION_COMMENTS = YES;
				CLANG_WARN_EMPTY_BODY = YES;
				CLANG_WARN_ENUM_CONVERSION = YES;
				CLANG_WARN_INFINITE_RECURSION = YES;
				CLANG_WARN_INT_CONVERSION = YES;
				CLANG_WARN_NON_LITERAL_NULL_CONVERSION = YES;
				CLANG_WARN_OBJC_IMPLICIT_RETAIN_SELF = YES;
				CLANG_WARN_OBJC_LITERAL_CONVERSION = YES;
				CLANG_WARN_OBJC_ROOT_CLASS = YES_ERROR;
				CLANG_WARN_QUOTED_INCLUDE_IN_FRAMEWORK_HEADER = YES;
				CLANG_WARN_RANGE_LOOP_ANALYSIS = YES;
				CLANG_WARN_STRICT_PROTOTYPES = YES;
				CLANG_WARN_SUSPICIOUS_MOVE = YES;
				CLANG_WARN_UNGUARDED_AVAILABILITY = YES_AGGRESSIVE;
				CLANG_WARN_UNREACHABLE_CODE = YES;
				CLANG_WARN__DUPLICATE_METHOD_MATCH = YES;
				COPY_PHASE_STRIP = NO;
				DEBUG_INFORMATION_FORMAT = dwarf;
				ENABLE_STRICT_OBJC_MSGSEND = YES;
				ENABLE_TESTABILITY = YES;
				GCC_C_LANGUAGE_STANDARD = gnu11;
				GCC_DYNAMIC_NO_PIC = NO;
				GCC_NO_COMMON_BLOCKS = YES;
				GCC_OPTIMIZATION_LEVEL = 0;
				GCC_PREPROCESSOR_DEFINITIONS = (
					"DEBUG=1",
					"$(inherited)",
				);
				GCC_WARN_64_TO_32_BIT_CONVERSION = YES;
				GCC_WARN_ABOUT_RETURN_TYPE = YES_ERROR;
				GCC_WARN_UNDECLARED_SELECTOR = YES;
				GCC_WARN_UNINITIALIZED_AUTOS = YES_AGGRESSIVE;
				GCC_WARN_UNUSED_FUNCTION = YES;
				GCC_WARN_UNUSED_VARIABLE = YES;
				IPHONEOS_DEPLOYMENT_TARGET = 15.5;
				MTL_ENABLE_DEBUG_INFO = INCLUDE_SOURCE;
				MTL_FAST_MATH = YES;
				ONLY_ACTIVE_ARCH = YES;
				SDKROOT = iphoneos;
				SWIFT_ACTIVE_COMPILATION_CONDITIONS = DEBUG;
				SWIFT_OPTIMIZATION_LEVEL = "-Onone";
			};
			name = Debug;
		};
		4C3422B82837D916005886A9 /* Release */ = {
			isa = XCBuildConfiguration;
			buildSettings = {
				ALWAYS_SEARCH_USER_PATHS = NO;
				CLANG_ANALYZER_NONNULL = YES;
				CLANG_ANALYZER_NUMBER_OBJECT_CONVERSION = YES_AGGRESSIVE;
				CLANG_CXX_LANGUAGE_STANDARD = "gnu++17";
				CLANG_ENABLE_MODULES = YES;
				CLANG_ENABLE_OBJC_ARC = YES;
				CLANG_ENABLE_OBJC_WEAK = YES;
				CLANG_WARN_BLOCK_CAPTURE_AUTORELEASING = YES;
				CLANG_WARN_BOOL_CONVERSION = YES;
				CLANG_WARN_COMMA = YES;
				CLANG_WARN_CONSTANT_CONVERSION = YES;
				CLANG_WARN_DEPRECATED_OBJC_IMPLEMENTATIONS = YES;
				CLANG_WARN_DIRECT_OBJC_ISA_USAGE = YES_ERROR;
				CLANG_WARN_DOCUMENTATION_COMMENTS = YES;
				CLANG_WARN_EMPTY_BODY = YES;
				CLANG_WARN_ENUM_CONVERSION = YES;
				CLANG_WARN_INFINITE_RECURSION = YES;
				CLANG_WARN_INT_CONVERSION = YES;
				CLANG_WARN_NON_LITERAL_NULL_CONVERSION = YES;
				CLANG_WARN_OBJC_IMPLICIT_RETAIN_SELF = YES;
				CLANG_WARN_OBJC_LITERAL_CONVERSION = YES;
				CLANG_WARN_OBJC_ROOT_CLASS = YES_ERROR;
				CLANG_WARN_QUOTED_INCLUDE_IN_FRAMEWORK_HEADER = YES;
				CLANG_WARN_RANGE_LOOP_ANALYSIS = YES;
				CLANG_WARN_STRICT_PROTOTYPES = YES;
				CLANG_WARN_SUSPICIOUS_MOVE = YES;
				CLANG_WARN_UNGUARDED_AVAILABILITY = YES_AGGRESSIVE;
				CLANG_WARN_UNREACHABLE_CODE = YES;
				CLANG_WARN__DUPLICATE_METHOD_MATCH = YES;
				COPY_PHASE_STRIP = NO;
				DEBUG_INFORMATION_FORMAT = "dwarf-with-dsym";
				ENABLE_NS_ASSERTIONS = NO;
				ENABLE_STRICT_OBJC_MSGSEND = YES;
				GCC_C_LANGUAGE_STANDARD = gnu11;
				GCC_NO_COMMON_BLOCKS = YES;
				GCC_WARN_64_TO_32_BIT_CONVERSION = YES;
				GCC_WARN_ABOUT_RETURN_TYPE = YES_ERROR;
				GCC_WARN_UNDECLARED_SELECTOR = YES;
				GCC_WARN_UNINITIALIZED_AUTOS = YES_AGGRESSIVE;
				GCC_WARN_UNUSED_FUNCTION = YES;
				GCC_WARN_UNUSED_VARIABLE = YES;
				IPHONEOS_DEPLOYMENT_TARGET = 15.5;
				MTL_ENABLE_DEBUG_INFO = NO;
				MTL_FAST_MATH = YES;
				SDKROOT = iphoneos;
				SWIFT_COMPILATION_MODE = wholemodule;
				SWIFT_OPTIMIZATION_LEVEL = "-O";
				VALIDATE_PRODUCT = YES;
			};
			name = Release;
		};
		4C3422BA2837D916005886A9 /* Debug */ = {
			isa = XCBuildConfiguration;
			baseConfigurationReference = 539B0E50DD1861359BA9C40B /* Pods-Tekton_GoogleMaps.debug.xcconfig */;
			buildSettings = {
				ASSETCATALOG_COMPILER_APPICON_NAME = AppIcon;
				ASSETCATALOG_COMPILER_GLOBAL_ACCENT_COLOR_NAME = AccentColor;
				CODE_SIGN_STYLE = Automatic;
				CURRENT_PROJECT_VERSION = 1;
				DEVELOPMENT_TEAM = JGHBCD3B3C;
				GENERATE_INFOPLIST_FILE = YES;
				INFOPLIST_FILE = Tekton_GoogleMaps/Info.plist;
				INFOPLIST_KEY_UIApplicationSupportsIndirectInputEvents = YES;
				INFOPLIST_KEY_UILaunchStoryboardName = LaunchScreen;
				INFOPLIST_KEY_UIMainStoryboardFile = Main;
				INFOPLIST_KEY_UISupportedInterfaceOrientations_iPad = "UIInterfaceOrientationPortrait UIInterfaceOrientationPortraitUpsideDown UIInterfaceOrientationLandscapeLeft UIInterfaceOrientationLandscapeRight";
				INFOPLIST_KEY_UISupportedInterfaceOrientations_iPhone = "UIInterfaceOrientationPortrait UIInterfaceOrientationLandscapeLeft UIInterfaceOrientationLandscapeRight";
				IPHONEOS_DEPLOYMENT_TARGET = 15.1;
				LD_RUNPATH_SEARCH_PATHS = (
					"$(inherited)",
					"@executable_path/Frameworks",
				);
				MARKETING_VERSION = 1.0;
				PRODUCT_BUNDLE_IDENTIFIER = "com.miguel.otero.Tekton-GoogleMaps";
				PRODUCT_NAME = "$(TARGET_NAME)";
				SWIFT_EMIT_LOC_STRINGS = YES;
				SWIFT_VERSION = 5.0;
				TARGETED_DEVICE_FAMILY = "1,2";
			};
			name = Debug;
		};
		4C3422BB2837D916005886A9 /* Release */ = {
			isa = XCBuildConfiguration;
			baseConfigurationReference = E61313BAE4BEE59785841D9F /* Pods-Tekton_GoogleMaps.release.xcconfig */;
			buildSettings = {
				ASSETCATALOG_COMPILER_APPICON_NAME = AppIcon;
				ASSETCATALOG_COMPILER_GLOBAL_ACCENT_COLOR_NAME = AccentColor;
				CODE_SIGN_STYLE = Automatic;
				CURRENT_PROJECT_VERSION = 1;
				DEVELOPMENT_TEAM = JGHBCD3B3C;
				GENERATE_INFOPLIST_FILE = YES;
				INFOPLIST_FILE = Tekton_GoogleMaps/Info.plist;
				INFOPLIST_KEY_UIApplicationSupportsIndirectInputEvents = YES;
				INFOPLIST_KEY_UILaunchStoryboardName = LaunchScreen;
				INFOPLIST_KEY_UIMainStoryboardFile = Main;
				INFOPLIST_KEY_UISupportedInterfaceOrientations_iPad = "UIInterfaceOrientationPortrait UIInterfaceOrientationPortraitUpsideDown UIInterfaceOrientationLandscapeLeft UIInterfaceOrientationLandscapeRight";
				INFOPLIST_KEY_UISupportedInterfaceOrientations_iPhone = "UIInterfaceOrientationPortrait UIInterfaceOrientationLandscapeLeft UIInterfaceOrientationLandscapeRight";
				IPHONEOS_DEPLOYMENT_TARGET = 15.1;
				LD_RUNPATH_SEARCH_PATHS = (
					"$(inherited)",
					"@executable_path/Frameworks",
				);
				MARKETING_VERSION = 1.0;
				PRODUCT_BUNDLE_IDENTIFIER = "com.miguel.otero.Tekton-GoogleMaps";
				PRODUCT_NAME = "$(TARGET_NAME)";
				SWIFT_EMIT_LOC_STRINGS = YES;
				SWIFT_VERSION = 5.0;
				TARGETED_DEVICE_FAMILY = "1,2";
			};
			name = Release;
		};
/* End XCBuildConfiguration section */

/* Begin XCConfigurationList section */
		4C3422A02837D912005886A9 /* Build configuration list for PBXProject "Tekton_GoogleMaps" */ = {
			isa = XCConfigurationList;
			buildConfigurations = (
				4C3422B72837D916005886A9 /* Debug */,
				4C3422B82837D916005886A9 /* Release */,
			);
			defaultConfigurationIsVisible = 0;
			defaultConfigurationName = Release;
		};
		4C3422B92837D916005886A9 /* Build configuration list for PBXNativeTarget "Tekton_GoogleMaps" */ = {
			isa = XCConfigurationList;
			buildConfigurations = (
				4C3422BA2837D916005886A9 /* Debug */,
				4C3422BB2837D916005886A9 /* Release */,
			);
			defaultConfigurationIsVisible = 0;
			defaultConfigurationName = Release;
		};
/* End XCConfigurationList section */
	};
	rootObject = 4C34229D2837D912005886A9 /* Project object */;
}
